
Microsoft Visual Studio Solution File, Format Version 12.00
# Visual Studio Version 16
VisualStudioVersion = 16.0.30114.105
MinimumVisualStudioVersion = 10.0.40219.1
Project("{2150E333-8FDC-42A3-9474-1A3956D46DE8}") = "src", "src", "{DB8F4105-CA0B-4DAE-8506-5AFF6B78A5B0}"
EndProject
Project("{FAE04EC0-301F-11D3-BF4B-00C04F79EFBC}") = "Manager.Domain", "src\Manager.Domain\Manager.Domain.csproj", "{11DA0AFC-961D-4EFD-B5DE-C27CEF0D5CB6}"
EndProject
Project("{FAE04EC0-301F-11D3-BF4B-00C04F79EFBC}") = "Manager.Infra", "src\Manager.Infra\Manager.Infra.csproj", "{2AB058E1-080B-407F-9866-BCEFBB734C2F}"
EndProject
Project("{FAE04EC0-301F-11D3-BF4B-00C04F79EFBC}") = "Manager.API", "src\Manager.API\Manager.API.csproj", "{B3B87DCA-50D2-4AFF-A62B-56FE8FE9336A}"
EndProject
Project("{FAE04EC0-301F-11D3-BF4B-00C04F79EFBC}") = "Manager.Core", "src\Manager.Core\Manager.Core.csproj", "{23B92694-4C13-424B-941F-CF2713894D21}"
EndProject
Project("{FAE04EC0-301F-11D3-BF4B-00C04F79EFBC}") = "Manager.Services", "src\Manager.Services\Manager.Services.csproj", "{ED1CBA65-6E7B-49EA-B824-506C5BC0ACF9}"
EndProject
Global
	GlobalSection(SolutionConfigurationPlatforms) = preSolution
		Debug|Any CPU = Debug|Any CPU
		Debug|x64 = Debug|x64
		Debug|x86 = Debug|x86
		Release|Any CPU = Release|Any CPU
		Release|x64 = Release|x64
		Release|x86 = Release|x86
	EndGlobalSection
	GlobalSection(SolutionProperties) = preSolution
		HideSolutionNode = FALSE
	EndGlobalSection
	GlobalSection(ProjectConfigurationPlatforms) = postSolution
		{11DA0AFC-961D-4EFD-B5DE-C27CEF0D5CB6}.Debug|Any CPU.ActiveCfg = Debug|Any CPU
		{11DA0AFC-961D-4EFD-B5DE-C27CEF0D5CB6}.Debug|Any CPU.Build.0 = Debug|Any CPU
		{11DA0AFC-961D-4EFD-B5DE-C27CEF0D5CB6}.Debug|x64.ActiveCfg = Debug|Any CPU
		{11DA0AFC-961D-4EFD-B5DE-C27CEF0D5CB6}.Debug|x64.Build.0 = Debug|Any CPU
		{11DA0AFC-961D-4EFD-B5DE-C27CEF0D5CB6}.Debug|x86.ActiveCfg = Debug|Any CPU
		{11DA0AFC-961D-4EFD-B5DE-C27CEF0D5CB6}.Debug|x86.Build.0 = Debug|Any CPU
		{11DA0AFC-961D-4EFD-B5DE-C27CEF0D5CB6}.Release|Any CPU.ActiveCfg = Release|Any CPU
		{11DA0AFC-961D-4EFD-B5DE-C27CEF0D5CB6}.Release|Any CPU.Build.0 = Release|Any CPU
		{11DA0AFC-961D-4EFD-B5DE-C27CEF0D5CB6}.Release|x64.ActiveCfg = Release|Any CPU
		{11DA0AFC-961D-4EFD-B5DE-C27CEF0D5CB6}.Release|x64.Build.0 = Release|Any CPU
		{11DA0AFC-961D-4EFD-B5DE-C27CEF0D5CB6}.Release|x86.ActiveCfg = Release|Any CPU
		{11DA0AFC-961D-4EFD-B5DE-C27CEF0D5CB6}.Release|x86.Build.0 = Release|Any CPU
		{2AB058E1-080B-407F-9866-BCEFBB734C2F}.Debug|Any CPU.ActiveCfg = Debug|Any CPU
		{2AB058E1-080B-407F-9866-BCEFBB734C2F}.Debug|Any CPU.Build.0 = Debug|Any CPU
		{2AB058E1-080B-407F-9866-BCEFBB734C2F}.Debug|x64.ActiveCfg = Debug|Any CPU
		{2AB058E1-080B-407F-9866-BCEFBB734C2F}.Debug|x64.Build.0 = Debug|Any CPU
		{2AB058E1-080B-407F-9866-BCEFBB734C2F}.Debug|x86.ActiveCfg = Debug|Any CPU
		{2AB058E1-080B-407F-9866-BCEFBB734C2F}.Debug|x86.Build.0 = Debug|Any CPU
		{2AB058E1-080B-407F-9866-BCEFBB734C2F}.Release|Any CPU.ActiveCfg = Release|Any CPU
		{2AB058E1-080B-407F-9866-BCEFBB734C2F}.Release|Any CPU.Build.0 = Release|Any CPU
		{2AB058E1-080B-407F-9866-BCEFBB734C2F}.Release|x64.ActiveCfg = Release|Any CPU
		{2AB058E1-080B-407F-9866-BCEFBB734C2F}.Release|x64.Build.0 = Release|Any CPU
		{2AB058E1-080B-407F-9866-BCEFBB734C2F}.Release|x86.ActiveCfg = Release|Any CPU
		{2AB058E1-080B-407F-9866-BCEFBB734C2F}.Release|x86.Build.0 = Release|Any CPU
		{B3B87DCA-50D2-4AFF-A62B-56FE8FE9336A}.Debug|Any CPU.ActiveCfg = Debug|Any CPU
		{B3B87DCA-50D2-4AFF-A62B-56FE8FE9336A}.Debug|Any CPU.Build.0 = Debug|Any CPU
		{B3B87DCA-50D2-4AFF-A62B-56FE8FE9336A}.Debug|x64.ActiveCfg = Debug|Any CPU
		{B3B87DCA-50D2-4AFF-A62B-56FE8FE9336A}.Debug|x64.Build.0 = Debug|Any CPU
		{B3B87DCA-50D2-4AFF-A62B-56FE8FE9336A}.Debug|x86.ActiveCfg = Debug|Any CPU
		{B3B87DCA-50D2-4AFF-A62B-56FE8FE9336A}.Debug|x86.Build.0 = Debug|Any CPU
		{B3B87DCA-50D2-4AFF-A62B-56FE8FE9336A}.Release|Any CPU.ActiveCfg = Release|Any CPU
		{B3B87DCA-50D2-4AFF-A62B-56FE8FE9336A}.Release|Any CPU.Build.0 = Release|Any CPU
		{B3B87DCA-50D2-4AFF-A62B-56FE8FE9336A}.Release|x64.ActiveCfg = Release|Any CPU
		{B3B87DCA-50D2-4AFF-A62B-56FE8FE9336A}.Release|x64.Build.0 = Release|Any CPU
		{B3B87DCA-50D2-4AFF-A62B-56FE8FE9336A}.Release|x86.ActiveCfg = Release|Any CPU
		{B3B87DCA-50D2-4AFF-A62B-56FE8FE9336A}.Release|x86.Build.0 = Release|Any CPU
		{23B92694-4C13-424B-941F-CF2713894D21}.Debug|Any CPU.ActiveCfg = Debug|Any CPU
		{23B92694-4C13-424B-941F-CF2713894D21}.Debug|Any CPU.Build.0 = Debug|Any CPU
		{23B92694-4C13-424B-941F-CF2713894D21}.Debug|x64.ActiveCfg = Debug|Any CPU
		{23B92694-4C13-424B-941F-CF2713894D21}.Debug|x64.Build.0 = Debug|Any CPU
		{23B92694-4C13-424B-941F-CF2713894D21}.Debug|x86.ActiveCfg = Debug|Any CPU
		{23B92694-4C13-424B-941F-CF2713894D21}.Debug|x86.Build.0 = Debug|Any CPU
		{23B92694-4C13-424B-941F-CF2713894D21}.Release|Any CPU.ActiveCfg = Release|Any CPU
		{23B92694-4C13-424B-941F-CF2713894D21}.Release|Any CPU.Build.0 = Release|Any CPU
		{23B92694-4C13-424B-941F-CF2713894D21}.Release|x64.ActiveCfg = Release|Any CPU
		{23B92694-4C13-424B-941F-CF2713894D21}.Release|x64.Build.0 = Release|Any CPU
		{23B92694-4C13-424B-941F-CF2713894D21}.Release|x86.ActiveCfg = Release|Any CPU
		{23B92694-4C13-424B-941F-CF2713894D21}.Release|x86.Build.0 = Release|Any CPU
		{ED1CBA65-6E7B-49EA-B824-506C5BC0ACF9}.Debug|Any CPU.ActiveCfg = Debug|Any CPU
		{ED1CBA65-6E7B-49EA-B824-506C5BC0ACF9}.Debug|Any CPU.Build.0 = Debug|Any CPU
		{ED1CBA65-6E7B-49EA-B824-506C5BC0ACF9}.Debug|x64.ActiveCfg = Debug|Any CPU
		{ED1CBA65-6E7B-49EA-B824-506C5BC0ACF9}.Debug|x64.Build.0 = Debug|Any CPU
		{ED1CBA65-6E7B-49EA-B824-506C5BC0ACF9}.Debug|x86.ActiveCfg = Debug|Any CPU
		{ED1CBA65-6E7B-49EA-B824-506C5BC0ACF9}.Debug|x86.Build.0 = Debug|Any CPU
		{ED1CBA65-6E7B-49EA-B824-506C5BC0ACF9}.Release|Any CPU.ActiveCfg = Release|Any CPU
		{ED1CBA65-6E7B-49EA-B824-506C5BC0ACF9}.Release|Any CPU.Build.0 = Release|Any CPU
		{ED1CBA65-6E7B-49EA-B824-506C5BC0ACF9}.Release|x64.ActiveCfg = Release|Any CPU
		{ED1CBA65-6E7B-49EA-B824-506C5BC0ACF9}.Release|x64.Build.0 = Release|Any CPU
		{ED1CBA65-6E7B-49EA-B824-506C5BC0ACF9}.Release|x86.ActiveCfg = Release|Any CPU
		{ED1CBA65-6E7B-49EA-B824-506C5BC0ACF9}.Release|x86.Build.0 = Release|Any CPU
	EndGlobalSection
	GlobalSection(NestedProjects) = preSolution
		{11DA0AFC-961D-4EFD-B5DE-C27CEF0D5CB6} = {DB8F4105-CA0B-4DAE-8506-5AFF6B78A5B0}
		{2AB058E1-080B-407F-9866-BCEFBB734C2F} = {DB8F4105-CA0B-4DAE-8506-5AFF6B78A5B0}
		{B3B87DCA-50D2-4AFF-A62B-56FE8FE9336A} = {DB8F4105-CA0B-4DAE-8506-5AFF6B78A5B0}
		{23B92694-4C13-424B-941F-CF2713894D21} = {DB8F4105-CA0B-4DAE-8506-5AFF6B78A5B0}
		{ED1CBA65-6E7B-49EA-B824-506C5BC0ACF9} = {DB8F4105-CA0B-4DAE-8506-5AFF6B78A5B0}
	EndGlobalSection
EndGlobal
